
Microsoft Visual Studio Solution File, Format Version 12.00
# Visual Studio Version 16
VisualStudioVersion = 16.0.32929.386
MinimumVisualStudioVersion = 10.0.40219.1
Project("{FAE04EC0-301F-11D3-BF4B-00C04F79EFBC}") = "Lab.Retry.2", "Lab.Retry.2\Lab.Retry.2.csproj", "{D92A3D07-0A98-4096-8947-5719BF4D7810}"
EndProject
Global
	GlobalSection(SolutionConfigurationPlatforms) = preSolution
		Debug|Any CPU = Debug|Any CPU
		Release|Any CPU = Release|Any CPU
	EndGlobalSection
	GlobalSection(ProjectConfigurationPlatforms) = postSolution
		{D92A3D07-0A98-4096-8947-5719BF4D7810}.Debug|Any CPU.ActiveCfg = Debug|Any CPU
		{D92A3D07-0A98-4096-8947-5719BF4D7810}.Debug|Any CPU.Build.0 = Debug|Any CPU
		{D92A3D07-0A98-4096-8947-5719BF4D7810}.Release|Any CPU.ActiveCfg = Release|Any CPU
		{D92A3D07-0A98-4096-8947-5719BF4D7810}.Release|Any CPU.Build.0 = Release|Any CPU
	EndGlobalSection
	GlobalSection(SolutionProperties) = preSolution
		HideSolutionNode = FALSE
	EndGlobalSection
	GlobalSection(ExtensibilityGlobals) = postSolution
		SolutionGuid = {51AF9DE4-171E-41F7-9B0E-4168D1FE706F}
	EndGlobalSection
EndGlobal
